// !$*UTF8*$!
{
	archiveVersion = 1;
	classes = {
	};
	objectVersion = 46;
	objects = {

/* Begin PBXBuildFile section */
		FB6963681C9151D2006BD001 /* main.m in Sources */ = {isa = PBXBuildFile; fileRef = FB6963671C9151D2006BD001 /* main.m */; };
		FB69636B1C9151D2006BD001 /* AppDelegate.m in Sources */ = {isa = PBXBuildFile; fileRef = FB69636A1C9151D2006BD001 /* AppDelegate.m */; };
		FB69636E1C9151D2006BD001 /* ViewController.m in Sources */ = {isa = PBXBuildFile; fileRef = FB69636D1C9151D2006BD001 /* ViewController.m */; };
		FB6963711C9151D2006BD001 /* Main.storyboard in Resources */ = {isa = PBXBuildFile; fileRef = FB69636F1C9151D2006BD001 /* Main.storyboard */; };
		FB6963731C9151D2006BD001 /* Assets.xcassets in Resources */ = {isa = PBXBuildFile; fileRef = FB6963721C9151D2006BD001 /* Assets.xcassets */; };
		FB6963761C9151D2006BD001 /* LaunchScreen.storyboard in Resources */ = {isa = PBXBuildFile; fileRef = FB6963741C9151D2006BD001 /* LaunchScreen.storyboard */; };
		FB69637F1C915471006BD001 /* UIView+Extension.m in Sources */ = {isa = PBXBuildFile; fileRef = FB69637E1C915471006BD001 /* UIView+Extension.m */; };
		FB69639B1C915479006BD001 /* Info.plist in Resources */ = {isa = PBXBuildFile; fileRef = FB6963811C915479006BD001 /* Info.plist */; };
		FB69639C1C915479006BD001 /* MASCompositeConstraint.m in Sources */ = {isa = PBXBuildFile; fileRef = FB6963831C915479006BD001 /* MASCompositeConstraint.m */; };
		FB69639D1C915479006BD001 /* MASConstraint.m in Sources */ = {isa = PBXBuildFile; fileRef = FB6963861C915479006BD001 /* MASConstraint.m */; };
		FB69639E1C915479006BD001 /* MASConstraintMaker.m in Sources */ = {isa = PBXBuildFile; fileRef = FB6963881C915479006BD001 /* MASConstraintMaker.m */; };
		FB69639F1C915479006BD001 /* MASLayoutConstraint.m in Sources */ = {isa = PBXBuildFile; fileRef = FB69638A1C915479006BD001 /* MASLayoutConstraint.m */; };
		FB6963A01C915479006BD001 /* MASViewAttribute.m in Sources */ = {isa = PBXBuildFile; fileRef = FB69638E1C915479006BD001 /* MASViewAttribute.m */; };
		FB6963A11C915479006BD001 /* MASViewConstraint.m in Sources */ = {isa = PBXBuildFile; fileRef = FB6963901C915479006BD001 /* MASViewConstraint.m */; };
		FB6963A21C915479006BD001 /* NSArray+MASAdditions.m in Sources */ = {isa = PBXBuildFile; fileRef = FB6963921C915479006BD001 /* NSArray+MASAdditions.m */; };
		FB6963A31C915479006BD001 /* NSLayoutConstraint+MASDebugAdditions.m in Sources */ = {isa = PBXBuildFile; fileRef = FB6963951C915479006BD001 /* NSLayoutConstraint+MASDebugAdditions.m */; };
		FB6963A41C915479006BD001 /* View+MASAdditions.m in Sources */ = {isa = PBXBuildFile; fileRef = FB6963971C915479006BD001 /* View+MASAdditions.m */; };
		FB6963A51C915479006BD001 /* ViewController+MASAdditions.m in Sources */ = {isa = PBXBuildFile; fileRef = FB69639A1C915479006BD001 /* ViewController+MASAdditions.m */; };
/* End PBXBuildFile section */

/* Begin PBXFileReference section */
		FB6963631C9151D2006BD001 /* WeiboStart.app */ = {isa = PBXFileReference; explicitFileType = wrapper.application; includeInIndex = 0; path = WeiboStart.app; sourceTree = BUILT_PRODUCTS_DIR; };
		FB6963671C9151D2006BD001 /* main.m */ = {isa = PBXFileReference; lastKnownFileType = sourcecode.c.objc; path = main.m; sourceTree = "<group>"; };
		FB6963691C9151D2006BD001 /* AppDelegate.h */ = {isa = PBXFileReference; lastKnownFileType = sourcecode.c.h; path = AppDelegate.h; sourceTree = "<group>"; };
		FB69636A1C9151D2006BD001 /* AppDelegate.m */ = {isa = PBXFileReference; lastKnownFileType = sourcecode.c.objc; path = AppDelegate.m; sourceTree = "<group>"; };
		FB69636C1C9151D2006BD001 /* ViewController.h */ = {isa = PBXFileReference; lastKnownFileType = sourcecode.c.h; path = ViewController.h; sourceTree = "<group>"; };
		FB69636D1C9151D2006BD001 /* ViewController.m */ = {isa = PBXFileReference; lastKnownFileType = sourcecode.c.objc; path = ViewController.m; sourceTree = "<group>"; };
		FB6963701C9151D2006BD001 /* Base */ = {isa = PBXFileReference; lastKnownFileType = file.storyboard; name = Base; path = Base.lproj/Main.storyboard; sourceTree = "<group>"; };
		FB6963721C9151D2006BD001 /* Assets.xcassets */ = {isa = PBXFileReference; lastKnownFileType = folder.assetcatalog; path = Assets.xcassets; sourceTree = "<group>"; };
		FB6963751C9151D2006BD001 /* Base */ = {isa = PBXFileReference; lastKnownFileType = file.storyboard; name = Base; path = Base.lproj/LaunchScreen.storyboard; sourceTree = "<group>"; };
		FB6963771C9151D2006BD001 /* Info.plist */ = {isa = PBXFileReference; lastKnownFileType = text.plist.xml; path = Info.plist; sourceTree = "<group>"; };
		FB69637D1C915471006BD001 /* UIView+Extension.h */ = {isa = PBXFileReference; fileEncoding = 4; lastKnownFileType = sourcecode.c.h; path = "UIView+Extension.h"; sourceTree = "<group>"; };
		FB69637E1C915471006BD001 /* UIView+Extension.m */ = {isa = PBXFileReference; fileEncoding = 4; lastKnownFileType = sourcecode.c.objc; path = "UIView+Extension.m"; sourceTree = "<group>"; };
		FB6963811C915479006BD001 /* Info.plist */ = {isa = PBXFileReference; fileEncoding = 4; lastKnownFileType = text.plist.xml; path = Info.plist; sourceTree = "<group>"; };
		FB6963821C915479006BD001 /* MASCompositeConstraint.h */ = {isa = PBXFileReference; fileEncoding = 4; lastKnownFileType = sourcecode.c.h; path = MASCompositeConstraint.h; sourceTree = "<group>"; };
		FB6963831C915479006BD001 /* MASCompositeConstraint.m */ = {isa = PBXFileReference; fileEncoding = 4; lastKnownFileType = sourcecode.c.objc; path = MASCompositeConstraint.m; sourceTree = "<group>"; };
		FB6963841C915479006BD001 /* MASConstraint+Private.h */ = {isa = PBXFileReference; fileEncoding = 4; lastKnownFileType = sourcecode.c.h; path = "MASConstraint+Private.h"; sourceTree = "<group>"; };
		FB6963851C915479006BD001 /* MASConstraint.h */ = {isa = PBXFileReference; fileEncoding = 4; lastKnownFileType = sourcecode.c.h; path = MASConstraint.h; sourceTree = "<group>"; };
		FB6963861C915479006BD001 /* MASConstraint.m */ = {isa = PBXFileReference; fileEncoding = 4; lastKnownFileType = sourcecode.c.objc; path = MASConstraint.m; sourceTree = "<group>"; };
		FB6963871C915479006BD001 /* MASConstraintMaker.h */ = {isa = PBXFileReference; fileEncoding = 4; lastKnownFileType = sourcecode.c.h; path = MASConstraintMaker.h; sourceTree = "<group>"; };
		FB6963881C915479006BD001 /* MASConstraintMaker.m */ = {isa = PBXFileReference; fileEncoding = 4; lastKnownFileType = sourcecode.c.objc; path = MASConstraintMaker.m; sourceTree = "<group>"; };
		FB6963891C915479006BD001 /* MASLayoutConstraint.h */ = {isa = PBXFileReference; fileEncoding = 4; lastKnownFileType = sourcecode.c.h; path = MASLayoutConstraint.h; sourceTree = "<group>"; };
		FB69638A1C915479006BD001 /* MASLayoutConstraint.m */ = {isa = PBXFileReference; fileEncoding = 4; lastKnownFileType = sourcecode.c.objc; path = MASLayoutConstraint.m; sourceTree = "<group>"; };
		FB69638B1C915479006BD001 /* Masonry.h */ = {isa = PBXFileReference; fileEncoding = 4; lastKnownFileType = sourcecode.c.h; path = Masonry.h; sourceTree = "<group>"; };
		FB69638C1C915479006BD001 /* MASUtilities.h */ = {isa = PBXFileReference; fileEncoding = 4; lastKnownFileType = sourcecode.c.h; path = MASUtilities.h; sourceTree = "<group>"; };
		FB69638D1C915479006BD001 /* MASViewAttribute.h */ = {isa = PBXFileReference; fileEncoding = 4; lastKnownFileType = sourcecode.c.h; path = MASViewAttribute.h; sourceTree = "<group>"; };
		FB69638E1C915479006BD001 /* MASViewAttribute.m */ = {isa = PBXFileReference; fileEncoding = 4; lastKnownFileType = sourcecode.c.objc; path = MASViewAttribute.m; sourceTree = "<group>"; };
		FB69638F1C915479006BD001 /* MASViewConstraint.h */ = {isa = PBXFileReference; fileEncoding = 4; lastKnownFileType = sourcecode.c.h; path = MASViewConstraint.h; sourceTree = "<group>"; };
		FB6963901C915479006BD001 /* MASViewConstraint.m */ = {isa = PBXFileReference; fileEncoding = 4; lastKnownFileType = sourcecode.c.objc; path = MASViewConstraint.m; sourceTree = "<group>"; };
		FB6963911C915479006BD001 /* NSArray+MASAdditions.h */ = {isa = PBXFileReference; fileEncoding = 4; lastKnownFileType = sourcecode.c.h; path = "NSArray+MASAdditions.h"; sourceTree = "<group>"; };
		FB6963921C915479006BD001 /* NSArray+MASAdditions.m */ = {isa = PBXFileReference; fileEncoding = 4; lastKnownFileType = sourcecode.c.objc; path = "NSArray+MASAdditions.m"; sourceTree = "<group>"; };
		FB6963931C915479006BD001 /* NSArray+MASShorthandAdditions.h */ = {isa = PBXFileReference; fileEncoding = 4; lastKnownFileType = sourcecode.c.h; path = "NSArray+MASShorthandAdditions.h"; sourceTree = "<group>"; };
		FB6963941C915479006BD001 /* NSLayoutConstraint+MASDebugAdditions.h */ = {isa = PBXFileReference; fileEncoding = 4; lastKnownFileType = sourcecode.c.h; path = "NSLayoutConstraint+MASDebugAdditions.h"; sourceTree = "<group>"; };
		FB6963951C915479006BD001 /* NSLayoutConstraint+MASDebugAdditions.m */ = {isa = PBXFileReference; fileEncoding = 4; lastKnownFileType = sourcecode.c.objc; path = "NSLayoutConstraint+MASDebugAdditions.m"; sourceTree = "<group>"; };
		FB6963961C915479006BD001 /* View+MASAdditions.h */ = {isa = PBXFileReference; fileEncoding = 4; lastKnownFileType = sourcecode.c.h; path = "View+MASAdditions.h"; sourceTree = "<group>"; };
		FB6963971C915479006BD001 /* View+MASAdditions.m */ = {isa = PBXFileReference; fileEncoding = 4; lastKnownFileType = sourcecode.c.objc; path = "View+MASAdditions.m"; sourceTree = "<group>"; };
		FB6963981C915479006BD001 /* View+MASShorthandAdditions.h */ = {isa = PBXFileReference; fileEncoding = 4; lastKnownFileType = sourcecode.c.h; path = "View+MASShorthandAdditions.h"; sourceTree = "<group>"; };
		FB6963991C915479006BD001 /* ViewController+MASAdditions.h */ = {isa = PBXFileReference; fileEncoding = 4; lastKnownFileType = sourcecode.c.h; path = "ViewController+MASAdditions.h"; sourceTree = "<group>"; };
		FB69639A1C915479006BD001 /* ViewController+MASAdditions.m */ = {isa = PBXFileReference; fileEncoding = 4; lastKnownFileType = sourcecode.c.objc; path = "ViewController+MASAdditions.m"; sourceTree = "<group>"; };
/* End PBXFileReference section */

/* Begin PBXFrameworksBuildPhase section */
		FB6963601C9151D2006BD001 /* Frameworks */ = {
			isa = PBXFrameworksBuildPhase;
			buildActionMask = 2147483647;
			files = (
			);
			runOnlyForDeploymentPostprocessing = 0;
		};
/* End PBXFrameworksBuildPhase section */

/* Begin PBXGroup section */
		FB69635A1C9151D2006BD001 = {
			isa = PBXGroup;
			children = (
				FB6963651C9151D2006BD001 /* WeiboStart */,
				FB6963641C9151D2006BD001 /* Products */,
			);
			sourceTree = "<group>";
		};
		FB6963641C9151D2006BD001 /* Products */ = {
			isa = PBXGroup;
			children = (
				FB6963631C9151D2006BD001 /* WeiboStart.app */,
			);
			name = Products;
			sourceTree = "<group>";
		};
		FB6963651C9151D2006BD001 /* WeiboStart */ = {
			isa = PBXGroup;
			children = (
				FB6963801C915479006BD001 /* Masonry */,
				FB69637D1C915471006BD001 /* UIView+Extension.h */,
				FB69637E1C915471006BD001 /* UIView+Extension.m */,
				FB6963691C9151D2006BD001 /* AppDelegate.h */,
				FB69636A1C9151D2006BD001 /* AppDelegate.m */,
				FB69636C1C9151D2006BD001 /* ViewController.h */,
				FB69636D1C9151D2006BD001 /* ViewController.m */,
				FB69636F1C9151D2006BD001 /* Main.storyboard */,
				FB6963721C9151D2006BD001 /* Assets.xcassets */,
				FB6963741C9151D2006BD001 /* LaunchScreen.storyboard */,
				FB6963771C9151D2006BD001 /* Info.plist */,
				FB6963661C9151D2006BD001 /* Supporting Files */,
			);
			path = WeiboStart;
			sourceTree = "<group>";
		};
		FB6963661C9151D2006BD001 /* Supporting Files */ = {
			isa = PBXGroup;
			children = (
				FB6963671C9151D2006BD001 /* main.m */,
			);
			name = "Supporting Files";
			sourceTree = "<group>";
		};
		FB6963801C915479006BD001 /* Masonry */ = {
			isa = PBXGroup;
			children = (
				FB6963811C915479006BD001 /* Info.plist */,
				FB6963821C915479006BD001 /* MASCompositeConstraint.h */,
				FB6963831C915479006BD001 /* MASCompositeConstraint.m */,
				FB6963841C915479006BD001 /* MASConstraint+Private.h */,
				FB6963851C915479006BD001 /* MASConstraint.h */,
				FB6963861C915479006BD001 /* MASConstraint.m */,
				FB6963871C915479006BD001 /* MASConstraintMaker.h */,
				FB6963881C915479006BD001 /* MASConstraintMaker.m */,
				FB6963891C915479006BD001 /* MASLayoutConstraint.h */,
				FB69638A1C915479006BD001 /* MASLayoutConstraint.m */,
				FB69638B1C915479006BD001 /* Masonry.h */,
				FB69638C1C915479006BD001 /* MASUtilities.h */,
				FB69638D1C915479006BD001 /* MASViewAttribute.h */,
				FB69638E1C915479006BD001 /* MASViewAttribute.m */,
				FB69638F1C915479006BD001 /* MASViewConstraint.h */,
				FB6963901C915479006BD001 /* MASViewConstraint.m */,
				FB6963911C915479006BD001 /* NSArray+MASAdditions.h */,
				FB6963921C915479006BD001 /* NSArray+MASAdditions.m */,
				FB6963931C915479006BD001 /* NSArray+MASShorthandAdditions.h */,
				FB6963941C915479006BD001 /* NSLayoutConstraint+MASDebugAdditions.h */,
				FB6963951C915479006BD001 /* NSLayoutConstraint+MASDebugAdditions.m */,
				FB6963961C915479006BD001 /* View+MASAdditions.h */,
				FB6963971C915479006BD001 /* View+MASAdditions.m */,
				FB6963981C915479006BD001 /* View+MASShorthandAdditions.h */,
				FB6963991C915479006BD001 /* ViewController+MASAdditions.h */,
				FB69639A1C915479006BD001 /* ViewController+MASAdditions.m */,
			);
			path = Masonry;
			sourceTree = "<group>";
		};
/* End PBXGroup section */

/* Begin PBXNativeTarget section */
		FB6963621C9151D2006BD001 /* WeiboStart */ = {
			isa = PBXNativeTarget;
			buildConfigurationList = FB69637A1C9151D2006BD001 /* Build configuration list for PBXNativeTarget "WeiboStart" */;
			buildPhases = (
				FB69635F1C9151D2006BD001 /* Sources */,
				FB6963601C9151D2006BD001 /* Frameworks */,
				FB6963611C9151D2006BD001 /* Resources */,
			);
			buildRules = (
			);
			dependencies = (
			);
			name = WeiboStart;
			productName = WeiboStart;
			productReference = FB6963631C9151D2006BD001 /* WeiboStart.app */;
			productType = "com.apple.product-type.application";
		};
/* End PBXNativeTarget section */

/* Begin PBXProject section */
		FB69635B1C9151D2006BD001 /* Project object */ = {
			isa = PBXProject;
			attributes = {
				LastUpgradeCheck = 0720;
				ORGANIZATIONNAME = Jiang;
				TargetAttributes = {
					FB6963621C9151D2006BD001 = {
						CreatedOnToolsVersion = 7.2;
						DevelopmentTeam = 27H2H46GDS;
					};
				};
			};
			buildConfigurationList = FB69635E1C9151D2006BD001 /* Build configuration list for PBXProject "WeiboStart" */;
			compatibilityVersion = "Xcode 3.2";
			developmentRegion = English;
			hasScannedForEncodings = 0;
			knownRegions = (
				en,
				Base,
			);
			mainGroup = FB69635A1C9151D2006BD001;
			productRefGroup = FB6963641C9151D2006BD001 /* Products */;
			projectDirPath = "";
			projectRoot = "";
			targets = (
				FB6963621C9151D2006BD001 /* WeiboStart */,
			);
		};
/* End PBXProject section */

/* Begin PBXResourcesBuildPhase section */
		FB6963611C9151D2006BD001 /* Resources */ = {
			isa = PBXResourcesBuildPhase;
			buildActionMask = 2147483647;
			files = (
				FB69639B1C915479006BD001 /* Info.plist in Resources */,
				FB6963761C9151D2006BD001 /* LaunchScreen.storyboard in Resources */,
				FB6963731C9151D2006BD001 /* Assets.xcassets in Resources */,
				FB6963711C9151D2006BD001 /* Main.storyboard in Resources */,
			);
			runOnlyForDeploymentPostprocessing = 0;
		};
/* End PBXResourcesBuildPhase section */

/* Begin PBXSourcesBuildPhase section */
		FB69635F1C9151D2006BD001 /* Sources */ = {
			isa = PBXSourcesBuildPhase;
			buildActionMask = 2147483647;
			files = (
				FB69639E1C915479006BD001 /* MASConstraintMaker.m in Sources */,
				FB69636E1C9151D2006BD001 /* ViewController.m in Sources */,
				FB69636B1C9151D2006BD001 /* AppDelegate.m in Sources */,
				FB69639D1C915479006BD001 /* MASConstraint.m in Sources */,
				FB6963A51C915479006BD001 /* ViewController+MASAdditions.m in Sources */,
				FB69639F1C915479006BD001 /* MASLayoutConstraint.m in Sources */,
				FB6963A21C915479006BD001 /* NSArray+MASAdditions.m in Sources */,
				FB6963A11C915479006BD001 /* MASViewConstraint.m in Sources */,
				FB6963A01C915479006BD001 /* MASViewAttribute.m in Sources */,
				FB6963A41C915479006BD001 /* View+MASAdditions.m in Sources */,
				FB69637F1C915471006BD001 /* UIView+Extension.m in Sources */,
				FB6963681C9151D2006BD001 /* main.m in Sources */,
				FB69639C1C915479006BD001 /* MASCompositeConstraint.m in Sources */,
				FB6963A31C915479006BD001 /* NSLayoutConstraint+MASDebugAdditions.m in Sources */,
			);
			runOnlyForDeploymentPostprocessing = 0;
		};
/* End PBXSourcesBuildPhase section */

/* Begin PBXVariantGroup section */
		FB69636F1C9151D2006BD001 /* Main.storyboard */ = {
			isa = PBXVariantGroup;
			children = (
				FB6963701C9151D2006BD001 /* Base */,
			);
			name = Main.storyboard;
			sourceTree = "<group>";
		};
		FB6963741C9151D2006BD001 /* LaunchScreen.storyboard */ = {
			isa = PBXVariantGroup;
			children = (
				FB6963751C9151D2006BD001 /* Base */,
			);
			name = LaunchScreen.storyboard;
			sourceTree = "<group>";
		};
/* End PBXVariantGroup section */

/* Begin XCBuildConfiguration section */
		FB6963781C9151D2006BD001 /* Debug */ = {
			isa = XCBuildConfiguration;
			buildSettings = {
				ALWAYS_SEARCH_USER_PATHS = NO;
				CLANG_CXX_LANGUAGE_STANDARD = "gnu++0x";
				CLANG_CXX_LIBRARY = "libc++";
				CLANG_ENABLE_MODULES = YES;
				CLANG_ENABLE_OBJC_ARC = YES;
				CLANG_WARN_BOOL_CONVERSION = YES;
				CLANG_WARN_CONSTANT_CONVERSION = YES;
				CLANG_WARN_DIRECT_OBJC_ISA_USAGE = YES_ERROR;
				CLANG_WARN_EMPTY_BODY = YES;
				CLANG_WARN_ENUM_CONVERSION = YES;
				CLANG_WARN_INT_CONVERSION = YES;
				CLANG_WARN_OBJC_ROOT_CLASS = YES_ERROR;
				CLANG_WARN_UNREACHABLE_CODE = YES;
				CLANG_WARN__DUPLICATE_METHOD_MATCH = YES;
				"CODE_SIGN_IDENTITY[sdk=iphoneos*]" = "iPhone Developer";
				COPY_PHASE_STRIP = NO;
				DEBUG_INFORMATION_FORMAT = dwarf;
				ENABLE_STRICT_OBJC_MSGSEND = YES;
				ENABLE_TESTABILITY = YES;
				GCC_C_LANGUAGE_STANDARD = gnu99;
				GCC_DYNAMIC_NO_PIC = NO;
				GCC_NO_COMMON_BLOCKS = YES;
				GCC_OPTIMIZATION_LEVEL = 0;
				GCC_PREPROCESSOR_DEFINITIONS = (
					"DEBUG=1",
					"$(inherited)",
				);
				GCC_WARN_64_TO_32_BIT_CONVERSION = YES;
				GCC_WARN_ABOUT_RETURN_TYPE = YES_ERROR;
				GCC_WARN_UNDECLARED_SELECTOR = YES;
				GCC_WARN_UNINITIALIZED_AUTOS = YES_AGGRESSIVE;
				GCC_WARN_UNUSED_FUNCTION = YES;
				GCC_WARN_UNUSED_VARIABLE = YES;
				IPHONEOS_DEPLOYMENT_TARGET = 9.2;
				MTL_ENABLE_DEBUG_INFO = YES;
				ONLY_ACTIVE_ARCH = YES;
				SDKROOT = iphoneos;
			};
			name = Debug;
		};
		FB6963791C9151D2006BD001 /* Release */ = {
			isa = XCBuildConfiguration;
			buildSettings = {
				ALWAYS_SEARCH_USER_PATHS = NO;
				CLANG_CXX_LANGUAGE_STANDARD = "gnu++0x";
				CLANG_CXX_LIBRARY = "libc++";
				CLANG_ENABLE_MODULES = YES;
				CLANG_ENABLE_OBJC_ARC = YES;
				CLANG_WARN_BOOL_CONVERSION = YES;
				CLANG_WARN_CONSTANT_CONVERSION = YES;
				CLANG_WARN_DIRECT_OBJC_ISA_USAGE = YES_ERROR;
				CLANG_WARN_EMPTY_BODY = YES;
				CLANG_WARN_ENUM_CONVERSION = YES;
				CLANG_WARN_INT_CONVERSION = YES;
				CLANG_WARN_OBJC_ROOT_CLASS = YES_ERROR;
				CLANG_WARN_UNREACHABLE_CODE = YES;
				CLANG_WARN__DUPLICATE_METHOD_MATCH = YES;
				"CODE_SIGN_IDENTITY[sdk=iphoneos*]" = "iPhone Developer";
				COPY_PHASE_STRIP = NO;
				DEBUG_INFORMATION_FORMAT = "dwarf-with-dsym";
				ENABLE_NS_ASSERTIONS = NO;
				ENABLE_STRICT_OBJC_MSGSEND = YES;
				GCC_C_LANGUAGE_STANDARD = gnu99;
				GCC_NO_COMMON_BLOCKS = YES;
				GCC_WARN_64_TO_32_BIT_CONVERSION = YES;
				GCC_WARN_ABOUT_RETURN_TYPE = YES_ERROR;
				GCC_WARN_UNDECLARED_SELECTOR = YES;
				GCC_WARN_UNINITIALIZED_AUTOS = YES_AGGRESSIVE;
				GCC_WARN_UNUSED_FUNCTION = YES;
				GCC_WARN_UNUSED_VARIABLE = YES;
				IPHONEOS_DEPLOYMENT_TARGET = 9.2;
				MTL_ENABLE_DEBUG_INFO = NO;
				SDKROOT = iphoneos;
				VALIDATE_PRODUCT = YES;
			};
			name = Release;
		};
		FB69637B1C9151D2006BD001 /* Debug */ = {
			isa = XCBuildConfiguration;
			buildSettings = {
				ASSETCATALOG_COMPILER_APPICON_NAME = AppIcon;
				ASSETCATALOG_COMPILER_LAUNCHIMAGE_NAME = LaunchImage;
				INFOPLIST_FILE = WeiboStart/Info.plist;
				LD_RUNPATH_SEARCH_PATHS = "$(inherited) @executable_path/Frameworks";
				PRODUCT_BUNDLE_IDENTIFIER = com.longjianjiang.WeiboStart;
				PRODUCT_NAME = "$(TARGET_NAME)";
			};
			name = Debug;
		};
		FB69637C1C9151D2006BD001 /* Release */ = {
			isa = XCBuildConfiguration;
			buildSettings = {
				ASSETCATALOG_COMPILER_APPICON_NAME = AppIcon;
				ASSETCATALOG_COMPILER_LAUNCHIMAGE_NAME = LaunchImage;
				INFOPLIST_FILE = WeiboStart/Info.plist;
				LD_RUNPATH_SEARCH_PATHS = "$(inherited) @executable_path/Frameworks";
				PRODUCT_BUNDLE_IDENTIFIER = com.longjianjiang.WeiboStart;
				PRODUCT_NAME = "$(TARGET_NAME)";
			};
			name = Release;
		};
/* End XCBuildConfiguration section */

/* Begin XCConfigurationList section */
		FB69635E1C9151D2006BD001 /* Build configuration list for PBXProject "WeiboStart" */ = {
			isa = XCConfigurationList;
			buildConfigurations = (
				FB6963781C9151D2006BD001 /* Debug */,
				FB6963791C9151D2006BD001 /* Release */,
			);
			defaultConfigurationIsVisible = 0;
			defaultConfigurationName = Release;
		};
		FB69637A1C9151D2006BD001 /* Build configuration list for PBXNativeTarget "WeiboStart" */ = {
			isa = XCConfigurationList;
			buildConfigurations = (
				FB69637B1C9151D2006BD001 /* Debug */,
				FB69637C1C9151D2006BD001 /* Release */,
			);
			defaultConfigurationIsVisible = 0;
			defaultConfigurationName = Release;
		};
/* End XCConfigurationList section */
	};
	rootObject = FB69635B1C9151D2006BD001 /* Project object */;
}
